// !$*UTF8*$!
{
	archiveVersion = 1;
	classes = {
	};
	objectVersion = 51;
	objects = {

/* Begin PBXBuildFile section */
		E04C154FA73ACFC0DD8AFA48 /* Pods_CapstoneProject.framework in Frameworks */ = {isa = PBXBuildFile; fileRef = 2EB8B5854D6E049C7836E039 /* Pods_CapstoneProject.framework */; };
		FF40EB1A246A6D840096C3C2 /* registerViewController.swift in Sources */ = {isa = PBXBuildFile; fileRef = FF40EB19246A6D840096C3C2 /* registerViewController.swift */; };
		FF8702B524950D1E0050A33E /* bookMarkTableViewCell.swift in Sources */ = {isa = PBXBuildFile; fileRef = FF8702B324950D1E0050A33E /* bookMarkTableViewCell.swift */; };
		FF8702B624950D1E0050A33E /* bookMarkTableViewCell.xib in Resources */ = {isa = PBXBuildFile; fileRef = FF8702B424950D1E0050A33E /* bookMarkTableViewCell.xib */; };
		FF8B7DB72483D51900DE1B5B /* UserResponse.swift in Sources */ = {isa = PBXBuildFile; fileRef = FF8B7DB62483D51900DE1B5B /* UserResponse.swift */; };
		FF8FD71D249C8F8D00F3EEA6 /* presentBusStopViewController.swift in Sources */ = {isa = PBXBuildFile; fileRef = FF8FD71B249C8F8D00F3EEA6 /* presentBusStopViewController.swift */; };
		FF8FD720249C903F00F3EEA6 /* presentBusStop.storyboard in Resources */ = {isa = PBXBuildFile; fileRef = FF8FD71F249C903F00F3EEA6 /* presentBusStop.storyboard */; };
		FF8FD722249C99F300F3EEA6 /* WebKit.framework in Frameworks */ = {isa = PBXBuildFile; fileRef = FF8FD721249C99F300F3EEA6 /* WebKit.framework */; };
		FF94BA5F249774A50017776D /* forgetIdPwViewController.swift in Sources */ = {isa = PBXBuildFile; fileRef = FF94BA5E249774A50017776D /* forgetIdPwViewController.swift */; };
		FF97B5BD248FD79F00D8AF4D /* busStopTableViewCell.swift in Sources */ = {isa = PBXBuildFile; fileRef = FF97B5BB248FD79F00D8AF4D /* busStopTableViewCell.swift */; };
		FF97B5BE248FD79F00D8AF4D /* busStopTableViewCell.xib in Resources */ = {isa = PBXBuildFile; fileRef = FF97B5BC248FD79F00D8AF4D /* busStopTableViewCell.xib */; };
		FFA9759D2493B7AD0018EC4F /* gpsDataManager.swift in Sources */ = {isa = PBXBuildFile; fileRef = FFA9759C2493B7AD0018EC4F /* gpsDataManager.swift */; };
		FFA975A32493DBA80018EC4F /* bookMarkViewController.swift in Sources */ = {isa = PBXBuildFile; fileRef = FFA975A22493DBA80018EC4F /* bookMarkViewController.swift */; };
		FFA975A92493DC0E0018EC4F /* listPopUpView.swift in Sources */ = {isa = PBXBuildFile; fileRef = FFA975A72493DC0E0018EC4F /* listPopUpView.swift */; };
		FFAB050B24973B4F00947467 /* busStopDataManager.swift in Sources */ = {isa = PBXBuildFile; fileRef = FFAB050A24973B4F00947467 /* busStopDataManager.swift */; };
		FFD3B16A246993A100CC5A90 /* AppDelegate.swift in Sources */ = {isa = PBXBuildFile; fileRef = FFD3B169246993A100CC5A90 /* AppDelegate.swift */; };
		FFD3B16C246993A100CC5A90 /* SceneDelegate.swift in Sources */ = {isa = PBXBuildFile; fileRef = FFD3B16B246993A100CC5A90 /* SceneDelegate.swift */; };
		FFD3B16E246993A100CC5A90 /* logInView.swift in Sources */ = {isa = PBXBuildFile; fileRef = FFD3B16D246993A100CC5A90 /* logInView.swift */; };
		FFD3B171246993A100CC5A90 /* Main.storyboard in Resources */ = {isa = PBXBuildFile; fileRef = FFD3B16F246993A100CC5A90 /* Main.storyboard */; };
		FFD3B174246993A100CC5A90 /* CapstoneProject.xcdatamodeld in Sources */ = {isa = PBXBuildFile; fileRef = FFD3B172246993A100CC5A90 /* CapstoneProject.xcdatamodeld */; };
		FFD3B176246993A300CC5A90 /* Assets.xcassets in Resources */ = {isa = PBXBuildFile; fileRef = FFD3B175246993A300CC5A90 /* Assets.xcassets */; };
		FFD3B179246993A300CC5A90 /* LaunchScreen.storyboard in Resources */ = {isa = PBXBuildFile; fileRef = FFD3B177246993A300CC5A90 /* LaunchScreen.storyboard */; };
		FFD5019D248F488D007D9396 /* popUpView.swift in Sources */ = {isa = PBXBuildFile; fileRef = FFD5019C248F488D007D9396 /* popUpView.swift */; };
		FFD5019F248F49BD007D9396 /* popUpView.storyboard in Resources */ = {isa = PBXBuildFile; fileRef = FFD5019E248F49BD007D9396 /* popUpView.storyboard */; };
		FFD501A5248F657C007D9396 /* busStopListViewController.swift in Sources */ = {isa = PBXBuildFile; fileRef = FFD501A4248F657C007D9396 /* busStopListViewController.swift */; };
		FFD501A7248FC3AC007D9396 /* BusStop.swift in Sources */ = {isa = PBXBuildFile; fileRef = FFD501A6248FC3AC007D9396 /* BusStop.swift */; };
		FFF8D92B246D31FA00766074 /* mainView.swift in Sources */ = {isa = PBXBuildFile; fileRef = FFF8D92A246D31FA00766074 /* mainView.swift */; };
		FFF8D92D246D515200766074 /* updateUserView.swift in Sources */ = {isa = PBXBuildFile; fileRef = FFF8D92C246D515200766074 /* updateUserView.swift */; };
/* End PBXBuildFile section */

/* Begin PBXFileReference section */
		2EB8B5854D6E049C7836E039 /* Pods_CapstoneProject.framework */ = {isa = PBXFileReference; explicitFileType = wrapper.framework; includeInIndex = 0; path = Pods_CapstoneProject.framework; sourceTree = BUILT_PRODUCTS_DIR; };
		75DDF14A61F84312D338BF46 /* Pods-CapstoneProject.release.xcconfig */ = {isa = PBXFileReference; includeInIndex = 1; lastKnownFileType = text.xcconfig; name = "Pods-CapstoneProject.release.xcconfig"; path = "Target Support Files/Pods-CapstoneProject/Pods-CapstoneProject.release.xcconfig"; sourceTree = "<group>"; };
		90EB8E4FF5EBE87A5CE27936 /* Pods-CapstoneProject.debug.xcconfig */ = {isa = PBXFileReference; includeInIndex = 1; lastKnownFileType = text.xcconfig; name = "Pods-CapstoneProject.debug.xcconfig"; path = "Target Support Files/Pods-CapstoneProject/Pods-CapstoneProject.debug.xcconfig"; sourceTree = "<group>"; };
		FF40EB19246A6D840096C3C2 /* registerViewController.swift */ = {isa = PBXFileReference; lastKnownFileType = sourcecode.swift; path = registerViewController.swift; sourceTree = "<group>"; };
		FF8702B324950D1E0050A33E /* bookMarkTableViewCell.swift */ = {isa = PBXFileReference; lastKnownFileType = sourcecode.swift; path = bookMarkTableViewCell.swift; sourceTree = "<group>"; };
		FF8702B424950D1E0050A33E /* bookMarkTableViewCell.xib */ = {isa = PBXFileReference; lastKnownFileType = file.xib; path = bookMarkTableViewCell.xib; sourceTree = "<group>"; };
		FF8B7DB62483D51900DE1B5B /* UserResponse.swift */ = {isa = PBXFileReference; lastKnownFileType = sourcecode.swift; path = UserResponse.swift; sourceTree = "<group>"; };
		FF8FD71B249C8F8D00F3EEA6 /* presentBusStopViewController.swift */ = {isa = PBXFileReference; lastKnownFileType = sourcecode.swift; path = presentBusStopViewController.swift; sourceTree = "<group>"; };
		FF8FD71F249C903F00F3EEA6 /* presentBusStop.storyboard */ = {isa = PBXFileReference; lastKnownFileType = file.storyboard; path = presentBusStop.storyboard; sourceTree = "<group>"; };
		FF8FD721249C99F300F3EEA6 /* WebKit.framework */ = {isa = PBXFileReference; lastKnownFileType = wrapper.framework; name = WebKit.framework; path = System/Library/Frameworks/WebKit.framework; sourceTree = SDKROOT; };
		FF94BA5E249774A50017776D /* forgetIdPwViewController.swift */ = {isa = PBXFileReference; lastKnownFileType = sourcecode.swift; path = forgetIdPwViewController.swift; sourceTree = "<group>"; };
		FF97B5BB248FD79F00D8AF4D /* busStopTableViewCell.swift */ = {isa = PBXFileReference; lastKnownFileType = sourcecode.swift; path = busStopTableViewCell.swift; sourceTree = "<group>"; };
		FF97B5BC248FD79F00D8AF4D /* busStopTableViewCell.xib */ = {isa = PBXFileReference; lastKnownFileType = file.xib; path = busStopTableViewCell.xib; sourceTree = "<group>"; };
		FFA9759C2493B7AD0018EC4F /* gpsDataManager.swift */ = {isa = PBXFileReference; lastKnownFileType = sourcecode.swift; path = gpsDataManager.swift; sourceTree = "<group>"; };
		FFA975A22493DBA80018EC4F /* bookMarkViewController.swift */ = {isa = PBXFileReference; lastKnownFileType = sourcecode.swift; path = bookMarkViewController.swift; sourceTree = "<group>"; };
		FFA975A72493DC0E0018EC4F /* listPopUpView.swift */ = {isa = PBXFileReference; lastKnownFileType = sourcecode.swift; path = listPopUpView.swift; sourceTree = "<group>"; };
		FFAB050A24973B4F00947467 /* busStopDataManager.swift */ = {isa = PBXFileReference; lastKnownFileType = sourcecode.swift; path = busStopDataManager.swift; sourceTree = "<group>"; };
		FFD3B166246993A100CC5A90 /* CapstoneProject.app */ = {isa = PBXFileReference; explicitFileType = wrapper.application; includeInIndex = 0; path = CapstoneProject.app; sourceTree = BUILT_PRODUCTS_DIR; };
		FFD3B169246993A100CC5A90 /* AppDelegate.swift */ = {isa = PBXFileReference; lastKnownFileType = sourcecode.swift; path = AppDelegate.swift; sourceTree = "<group>"; };
		FFD3B16B246993A100CC5A90 /* SceneDelegate.swift */ = {isa = PBXFileReference; lastKnownFileType = sourcecode.swift; path = SceneDelegate.swift; sourceTree = "<group>"; };
		FFD3B16D246993A100CC5A90 /* logInView.swift */ = {isa = PBXFileReference; lastKnownFileType = sourcecode.swift; path = logInView.swift; sourceTree = "<group>"; };
		FFD3B170246993A100CC5A90 /* Base */ = {isa = PBXFileReference; lastKnownFileType = file.storyboard; name = Base; path = Base.lproj/Main.storyboard; sourceTree = "<group>"; };
		FFD3B173246993A100CC5A90 /* CapstoneProject.xcdatamodel */ = {isa = PBXFileReference; lastKnownFileType = wrapper.xcdatamodel; path = CapstoneProject.xcdatamodel; sourceTree = "<group>"; };
		FFD3B175246993A300CC5A90 /* Assets.xcassets */ = {isa = PBXFileReference; lastKnownFileType = folder.assetcatalog; path = Assets.xcassets; sourceTree = "<group>"; };
		FFD3B178246993A300CC5A90 /* Base */ = {isa = PBXFileReference; lastKnownFileType = file.storyboard; name = Base; path = Base.lproj/LaunchScreen.storyboard; sourceTree = "<group>"; };
		FFD3B17A246993A300CC5A90 /* Info.plist */ = {isa = PBXFileReference; lastKnownFileType = text.plist.xml; path = Info.plist; sourceTree = "<group>"; };
		FFD5019C248F488D007D9396 /* popUpView.swift */ = {isa = PBXFileReference; lastKnownFileType = sourcecode.swift; path = popUpView.swift; sourceTree = "<group>"; };
		FFD5019E248F49BD007D9396 /* popUpView.storyboard */ = {isa = PBXFileReference; lastKnownFileType = file.storyboard; path = popUpView.storyboard; sourceTree = "<group>"; };
		FFD501A4248F657C007D9396 /* busStopListViewController.swift */ = {isa = PBXFileReference; lastKnownFileType = sourcecode.swift; path = busStopListViewController.swift; sourceTree = "<group>"; };
		FFD501A6248FC3AC007D9396 /* BusStop.swift */ = {isa = PBXFileReference; lastKnownFileType = sourcecode.swift; path = BusStop.swift; sourceTree = "<group>"; };
		FFF8D92A246D31FA00766074 /* mainView.swift */ = {isa = PBXFileReference; lastKnownFileType = sourcecode.swift; path = mainView.swift; sourceTree = "<group>"; };
		FFF8D92C246D515200766074 /* updateUserView.swift */ = {isa = PBXFileReference; lastKnownFileType = sourcecode.swift; path = updateUserView.swift; sourceTree = "<group>"; };
/* End PBXFileReference section */

/* Begin PBXFrameworksBuildPhase section */
		FFD3B163246993A000CC5A90 /* Frameworks */ = {
			isa = PBXFrameworksBuildPhase;
			buildActionMask = 2147483647;
			files = (
				FF8FD722249C99F300F3EEA6 /* WebKit.framework in Frameworks */,
				E04C154FA73ACFC0DD8AFA48 /* Pods_CapstoneProject.framework in Frameworks */,
			);
			runOnlyForDeploymentPostprocessing = 0;
		};
/* End PBXFrameworksBuildPhase section */

/* Begin PBXGroup section */
		2E8D2702F405B191F667E419 /* Pods */ = {
			isa = PBXGroup;
			children = (
				90EB8E4FF5EBE87A5CE27936 /* Pods-CapstoneProject.debug.xcconfig */,
				75DDF14A61F84312D338BF46 /* Pods-CapstoneProject.release.xcconfig */,
			);
			path = Pods;
			sourceTree = "<group>";
		};
		7DAAB399EAA17F3B43ABFDEC /* Frameworks */ = {
			isa = PBXGroup;
			children = (
				FF8FD721249C99F300F3EEA6 /* WebKit.framework */,
				2EB8B5854D6E049C7836E039 /* Pods_CapstoneProject.framework */,
			);
			name = Frameworks;
			sourceTree = "<group>";
		};
		FFA9759B2493B77F0018EC4F /* DataManager */ = {
			isa = PBXGroup;
			children = (
				FFA9759C2493B7AD0018EC4F /* gpsDataManager.swift */,
			);
			path = DataManager;
			sourceTree = "<group>";
		};
		FFA975A12493DB820018EC4F /* bookMarkList */ = {
			isa = PBXGroup;
			children = (
				FFAB050924973B2300947467 /* DataManager */,
				FFA975A42493DBD20018EC4F /* PopUp */,
				FFA975A22493DBA80018EC4F /* bookMarkViewController.swift */,
				FF8702B324950D1E0050A33E /* bookMarkTableViewCell.swift */,
				FF8702B424950D1E0050A33E /* bookMarkTableViewCell.xib */,
			);
			path = bookMarkList;
			sourceTree = "<group>";
		};
		FFA975A42493DBD20018EC4F /* PopUp */ = {
			isa = PBXGroup;
			children = (
				FFA975A72493DC0E0018EC4F /* listPopUpView.swift */,
			);
			path = PopUp;
			sourceTree = "<group>";
		};
		FFAB050924973B2300947467 /* DataManager */ = {
			isa = PBXGroup;
			children = (
				FFAB050A24973B4F00947467 /* busStopDataManager.swift */,
			);
			path = DataManager;
			sourceTree = "<group>";
		};
		FFD3B15D246993A000CC5A90 = {
			isa = PBXGroup;
			children = (
				FFD3B168246993A100CC5A90 /* CapstoneProject */,
				FFD3B167246993A100CC5A90 /* Products */,
				2E8D2702F405B191F667E419 /* Pods */,
				7DAAB399EAA17F3B43ABFDEC /* Frameworks */,
			);
			sourceTree = "<group>";
		};
		FFD3B167246993A100CC5A90 /* Products */ = {
			isa = PBXGroup;
			children = (
				FFD3B166246993A100CC5A90 /* CapstoneProject.app */,
			);
			name = Products;
			sourceTree = "<group>";
		};
		FFD3B168246993A100CC5A90 /* CapstoneProject */ = {
			isa = PBXGroup;
			children = (
				FFA975A12493DB820018EC4F /* bookMarkList */,
				FFD501A3248F6565007D9396 /* busStopList */,
				FFF8D929246D31E700766074 /* main */,
				FFF8D927246D31B300766074 /* class */,
				FFF8D928246D31C900766074 /* userCheck */,
				FFD3B169246993A100CC5A90 /* AppDelegate.swift */,
				FFD3B16B246993A100CC5A90 /* SceneDelegate.swift */,
				FFD3B16F246993A100CC5A90 /* Main.storyboard */,
				FFD3B175246993A300CC5A90 /* Assets.xcassets */,
				FFD3B177246993A300CC5A90 /* LaunchScreen.storyboard */,
				FFD3B17A246993A300CC5A90 /* Info.plist */,
				FFD3B172246993A100CC5A90 /* CapstoneProject.xcdatamodeld */,
			);
			path = CapstoneProject;
			sourceTree = "<group>";
		};
		FFD5019B248F4659007D9396 /* popUp */ = {
			isa = PBXGroup;
			children = (
				FFD5019C248F488D007D9396 /* popUpView.swift */,
				FFD5019E248F49BD007D9396 /* popUpView.storyboard */,
			);
			path = popUp;
			sourceTree = "<group>";
		};
		FFD501A3248F6565007D9396 /* busStopList */ = {
			isa = PBXGroup;
			children = (
				FFD501A4248F657C007D9396 /* busStopListViewController.swift */,
				FF97B5BB248FD79F00D8AF4D /* busStopTableViewCell.swift */,
				FF97B5BC248FD79F00D8AF4D /* busStopTableViewCell.xib */,
				FF8FD71B249C8F8D00F3EEA6 /* presentBusStopViewController.swift */,
				FF8FD71F249C903F00F3EEA6 /* presentBusStop.storyboard */,
			);
			path = busStopList;
			sourceTree = "<group>";
		};
		FFF8D927246D31B300766074 /* class */ = {
			isa = PBXGroup;
			children = (
				FFD501A6248FC3AC007D9396 /* BusStop.swift */,
			);
			path = class;
			sourceTree = "<group>";
		};
		FFF8D928246D31C900766074 /* userCheck */ = {
			isa = PBXGroup;
			children = (
				FFD3B16D246993A100CC5A90 /* logInView.swift */,
				FF40EB19246A6D840096C3C2 /* registerViewController.swift */,
				FF8B7DB62483D51900DE1B5B /* UserResponse.swift */,
				FF94BA5E249774A50017776D /* forgetIdPwViewController.swift */,
			);
			path = userCheck;
			sourceTree = "<group>";
		};
		FFF8D929246D31E700766074 /* main */ = {
			isa = PBXGroup;
			children = (
				FFA9759B2493B77F0018EC4F /* DataManager */,
				FFD5019B248F4659007D9396 /* popUp */,
				FFF8D92A246D31FA00766074 /* mainView.swift */,
				FFF8D92C246D515200766074 /* updateUserView.swift */,
			);
			path = main;
			sourceTree = "<group>";
		};
/* End PBXGroup section */

/* Begin PBXNativeTarget section */
		FFD3B165246993A000CC5A90 /* CapstoneProject */ = {
			isa = PBXNativeTarget;
			buildConfigurationList = FFD3B17D246993A300CC5A90 /* Build configuration list for PBXNativeTarget "CapstoneProject" */;
			buildPhases = (
				4C65257131ADE490F35AC9CB /* [CP] Check Pods Manifest.lock */,
				FFD3B162246993A000CC5A90 /* Sources */,
				FFD3B163246993A000CC5A90 /* Frameworks */,
				FFD3B164246993A000CC5A90 /* Resources */,
				3E2D42A23A6B27B31CFD44EB /* [CP] Embed Pods Frameworks */,
			);
			buildRules = (
			);
			dependencies = (
			);
			name = CapstoneProject;
			productName = CapstoneProject;
			productReference = FFD3B166246993A100CC5A90 /* CapstoneProject.app */;
			productType = "com.apple.product-type.application";
		};
/* End PBXNativeTarget section */

/* Begin PBXProject section */
		FFD3B15E246993A000CC5A90 /* Project object */ = {
			isa = PBXProject;
			attributes = {
				LastSwiftUpdateCheck = 1140;
				LastUpgradeCheck = 1140;
				ORGANIZATIONNAME = "이진하";
				TargetAttributes = {
					FFD3B165246993A000CC5A90 = {
						CreatedOnToolsVersion = 11.4.1;
					};
				};
			};
			buildConfigurationList = FFD3B161246993A000CC5A90 /* Build configuration list for PBXProject "CapstoneProject" */;
			compatibilityVersion = "Xcode 9.3";
			developmentRegion = en;
			hasScannedForEncodings = 0;
			knownRegions = (
				en,
				Base,
			);
			mainGroup = FFD3B15D246993A000CC5A90;
			productRefGroup = FFD3B167246993A100CC5A90 /* Products */;
			projectDirPath = "";
			projectRoot = "";
			targets = (
				FFD3B165246993A000CC5A90 /* CapstoneProject */,
			);
		};
/* End PBXProject section */

/* Begin PBXResourcesBuildPhase section */
		FFD3B164246993A000CC5A90 /* Resources */ = {
			isa = PBXResourcesBuildPhase;
			buildActionMask = 2147483647;
			files = (
				FF97B5BE248FD79F00D8AF4D /* busStopTableViewCell.xib in Resources */,
				FFD3B179246993A300CC5A90 /* LaunchScreen.storyboard in Resources */,
				FFD5019F248F49BD007D9396 /* popUpView.storyboard in Resources */,
				FF8FD720249C903F00F3EEA6 /* presentBusStop.storyboard in Resources */,
				FF8702B624950D1E0050A33E /* bookMarkTableViewCell.xib in Resources */,
				FFD3B176246993A300CC5A90 /* Assets.xcassets in Resources */,
				FFD3B171246993A100CC5A90 /* Main.storyboard in Resources */,
			);
			runOnlyForDeploymentPostprocessing = 0;
		};
/* End PBXResourcesBuildPhase section */

/* Begin PBXShellScriptBuildPhase section */
		3E2D42A23A6B27B31CFD44EB /* [CP] Embed Pods Frameworks */ = {
			isa = PBXShellScriptBuildPhase;
			buildActionMask = 2147483647;
			files = (
			);
			inputFileListPaths = (
				"${PODS_ROOT}/Target Support Files/Pods-CapstoneProject/Pods-CapstoneProject-frameworks-${CONFIGURATION}-input-files.xcfilelist",
			);
			name = "[CP] Embed Pods Frameworks";
			outputFileListPaths = (
				"${PODS_ROOT}/Target Support Files/Pods-CapstoneProject/Pods-CapstoneProject-frameworks-${CONFIGURATION}-output-files.xcfilelist",
			);
			runOnlyForDeploymentPostprocessing = 0;
			shellPath = /bin/sh;
			shellScript = "\"${PODS_ROOT}/Target Support Files/Pods-CapstoneProject/Pods-CapstoneProject-frameworks.sh\"\n";
			showEnvVarsInLog = 0;
		};
		4C65257131ADE490F35AC9CB /* [CP] Check Pods Manifest.lock */ = {
			isa = PBXShellScriptBuildPhase;
			buildActionMask = 2147483647;
			files = (
			);
			inputFileListPaths = (
			);
			inputPaths = (
				"${PODS_PODFILE_DIR_PATH}/Podfile.lock",
				"${PODS_ROOT}/Manifest.lock",
			);
			name = "[CP] Check Pods Manifest.lock";
			outputFileListPaths = (
			);
			outputPaths = (
				"$(DERIVED_FILE_DIR)/Pods-CapstoneProject-checkManifestLockResult.txt",
			);
			runOnlyForDeploymentPostprocessing = 0;
			shellPath = /bin/sh;
			shellScript = "diff \"${PODS_PODFILE_DIR_PATH}/Podfile.lock\" \"${PODS_ROOT}/Manifest.lock\" > /dev/null\nif [ $? != 0 ] ; then\n    # print error to STDERR\n    echo \"error: The sandbox is not in sync with the Podfile.lock. Run 'pod install' or update your CocoaPods installation.\" >&2\n    exit 1\nfi\n# This output is used by Xcode 'outputs' to avoid re-running this script phase.\necho \"SUCCESS\" > \"${SCRIPT_OUTPUT_FILE_0}\"\n";
			showEnvVarsInLog = 0;
		};
/* End PBXShellScriptBuildPhase section */

/* Begin PBXSourcesBuildPhase section */
		FFD3B162246993A000CC5A90 /* Sources */ = {
			isa = PBXSourcesBuildPhase;
			buildActionMask = 2147483647;
			files = (
				FFA975A32493DBA80018EC4F /* bookMarkViewController.swift in Sources */,
				FFA9759D2493B7AD0018EC4F /* gpsDataManager.swift in Sources */,
				FF8FD71D249C8F8D00F3EEA6 /* presentBusStopViewController.swift in Sources */,
				FF97B5BD248FD79F00D8AF4D /* busStopTableViewCell.swift in Sources */,
				FFD3B174246993A100CC5A90 /* CapstoneProject.xcdatamodeld in Sources */,
				FFF8D92B246D31FA00766074 /* mainView.swift in Sources */,
				FF94BA5F249774A50017776D /* forgetIdPwViewController.swift in Sources */,
				FFA975A92493DC0E0018EC4F /* listPopUpView.swift in Sources */,
				FFD3B16E246993A100CC5A90 /* logInView.swift in Sources */,
				FF8B7DB72483D51900DE1B5B /* UserResponse.swift in Sources */,
				FFF8D92D246D515200766074 /* updateUserView.swift in Sources */,
				FFD3B16A246993A100CC5A90 /* AppDelegate.swift in Sources */,
				FFAB050B24973B4F00947467 /* busStopDataManager.swift in Sources */,
				FF40EB1A246A6D840096C3C2 /* registerViewController.swift in Sources */,
				FFD501A5248F657C007D9396 /* busStopListViewController.swift in Sources */,
				FFD3B16C246993A100CC5A90 /* SceneDelegate.swift in Sources */,
				FFD501A7248FC3AC007D9396 /* BusStop.swift in Sources */,
				FFD5019D248F488D007D9396 /* popUpView.swift in Sources */,
				FF8702B524950D1E0050A33E /* bookMarkTableViewCell.swift in Sources */,
			);
			runOnlyForDeploymentPostprocessing = 0;
		};
/* End PBXSourcesBuildPhase section */

/* Begin PBXVariantGroup section */
		FFD3B16F246993A100CC5A90 /* Main.storyboard */ = {
			isa = PBXVariantGroup;
			children = (
				FFD3B170246993A100CC5A90 /* Base */,
			);
			name = Main.storyboard;
			sourceTree = "<group>";
		};
		FFD3B177246993A300CC5A90 /* LaunchScreen.storyboard */ = {
			isa = PBXVariantGroup;
			children = (
				FFD3B178246993A300CC5A90 /* Base */,
			);
			name = LaunchScreen.storyboard;
			sourceTree = "<group>";
		};
/* End PBXVariantGroup section */

/* Begin XCBuildConfiguration section */
		FFD3B17B246993A300CC5A90 /* Debug */ = {
			isa = XCBuildConfiguration;
			buildSettings = {
				ALWAYS_SEARCH_USER_PATHS = NO;
				CLANG_ANALYZER_NONNULL = YES;
				CLANG_ANALYZER_NUMBER_OBJECT_CONVERSION = YES_AGGRESSIVE;
				CLANG_CXX_LANGUAGE_STANDARD = "gnu++14";
				CLANG_CXX_LIBRARY = "libc++";
				CLANG_ENABLE_MODULES = YES;
				CLANG_ENABLE_OBJC_ARC = YES;
				CLANG_ENABLE_OBJC_WEAK = YES;
				CLANG_WARN_BLOCK_CAPTURE_AUTORELEASING = YES;
				CLANG_WARN_BOOL_CONVERSION = YES;
				CLANG_WARN_COMMA = YES;
				CLANG_WARN_CONSTANT_CONVERSION = YES;
				CLANG_WARN_DEPRECATED_OBJC_IMPLEMENTATIONS = YES;
				CLANG_WARN_DIRECT_OBJC_ISA_USAGE = YES_ERROR;
				CLANG_WARN_DOCUMENTATION_COMMENTS = YES;
				CLANG_WARN_EMPTY_BODY = YES;
				CLANG_WARN_ENUM_CONVERSION = YES;
				CLANG_WARN_INFINITE_RECURSION = YES;
				CLANG_WARN_INT_CONVERSION = YES;
				CLANG_WARN_NON_LITERAL_NULL_CONVERSION = YES;
				CLANG_WARN_OBJC_IMPLICIT_RETAIN_SELF = YES;
				CLANG_WARN_OBJC_LITERAL_CONVERSION = YES;
				CLANG_WARN_OBJC_ROOT_CLASS = YES_ERROR;
				CLANG_WARN_RANGE_LOOP_ANALYSIS = YES;
				CLANG_WARN_STRICT_PROTOTYPES = YES;
				CLANG_WARN_SUSPICIOUS_MOVE = YES;
				CLANG_WARN_UNGUARDED_AVAILABILITY = YES_AGGRESSIVE;
				CLANG_WARN_UNREACHABLE_CODE = YES;
				CLANG_WARN__DUPLICATE_METHOD_MATCH = YES;
				COPY_PHASE_STRIP = NO;
				DEBUG_INFORMATION_FORMAT = dwarf;
				ENABLE_STRICT_OBJC_MSGSEND = YES;
				ENABLE_TESTABILITY = YES;
				GCC_C_LANGUAGE_STANDARD = gnu11;
				GCC_DYNAMIC_NO_PIC = NO;
				GCC_NO_COMMON_BLOCKS = YES;
				GCC_OPTIMIZATION_LEVEL = 0;
				GCC_PREPROCESSOR_DEFINITIONS = (
					"DEBUG=1",
					"$(inherited)",
				);
				GCC_WARN_64_TO_32_BIT_CONVERSION = YES;
				GCC_WARN_ABOUT_RETURN_TYPE = YES_ERROR;
				GCC_WARN_UNDECLARED_SELECTOR = YES;
				GCC_WARN_UNINITIALIZED_AUTOS = YES_AGGRESSIVE;
				GCC_WARN_UNUSED_FUNCTION = YES;
				GCC_WARN_UNUSED_VARIABLE = YES;
				IPHONEOS_DEPLOYMENT_TARGET = 13.4;
				MTL_ENABLE_DEBUG_INFO = INCLUDE_SOURCE;
				MTL_FAST_MATH = YES;
				ONLY_ACTIVE_ARCH = YES;
				SDKROOT = iphoneos;
				SWIFT_ACTIVE_COMPILATION_CONDITIONS = DEBUG;
				SWIFT_OPTIMIZATION_LEVEL = "-Onone";
			};
			name = Debug;
		};
		FFD3B17C246993A300CC5A90 /* Release */ = {
			isa = XCBuildConfiguration;
			buildSettings = {
				ALWAYS_SEARCH_USER_PATHS = NO;
				CLANG_ANALYZER_NONNULL = YES;
				CLANG_ANALYZER_NUMBER_OBJECT_CONVERSION = YES_AGGRESSIVE;
				CLANG_CXX_LANGUAGE_STANDARD = "gnu++14";
				CLANG_CXX_LIBRARY = "libc++";
				CLANG_ENABLE_MODULES = YES;
				CLANG_ENABLE_OBJC_ARC = YES;
				CLANG_ENABLE_OBJC_WEAK = YES;
				CLANG_WARN_BLOCK_CAPTURE_AUTORELEASING = YES;
				CLANG_WARN_BOOL_CONVERSION = YES;
				CLANG_WARN_COMMA = YES;
				CLANG_WARN_CONSTANT_CONVERSION = YES;
				CLANG_WARN_DEPRECATED_OBJC_IMPLEMENTATIONS = YES;
				CLANG_WARN_DIRECT_OBJC_ISA_USAGE = YES_ERROR;
				CLANG_WARN_DOCUMENTATION_COMMENTS = YES;
				CLANG_WARN_EMPTY_BODY = YES;
				CLANG_WARN_ENUM_CONVERSION = YES;
				CLANG_WARN_INFINITE_RECURSION = YES;
				CLANG_WARN_INT_CONVERSION = YES;
				CLANG_WARN_NON_LITERAL_NULL_CONVERSION = YES;
				CLANG_WARN_OBJC_IMPLICIT_RETAIN_SELF = YES;
				CLANG_WARN_OBJC_LITERAL_CONVERSION = YES;
				CLANG_WARN_OBJC_ROOT_CLASS = YES_ERROR;
				CLANG_WARN_RANGE_LOOP_ANALYSIS = YES;
				CLANG_WARN_STRICT_PROTOTYPES = YES;
				CLANG_WARN_SUSPICIOUS_MOVE = YES;
				CLANG_WARN_UNGUARDED_AVAILABILITY = YES_AGGRESSIVE;
				CLANG_WARN_UNREACHABLE_CODE = YES;
				CLANG_WARN__DUPLICATE_METHOD_MATCH = YES;
				COPY_PHASE_STRIP = NO;
				DEBUG_INFORMATION_FORMAT = "dwarf-with-dsym";
				ENABLE_NS_ASSERTIONS = NO;
				ENABLE_STRICT_OBJC_MSGSEND = YES;
				GCC_C_LANGUAGE_STANDARD = gnu11;
				GCC_NO_COMMON_BLOCKS = YES;
				GCC_WARN_64_TO_32_BIT_CONVERSION = YES;
				GCC_WARN_ABOUT_RETURN_TYPE = YES_ERROR;
				GCC_WARN_UNDECLARED_SELECTOR = YES;
				GCC_WARN_UNINITIALIZED_AUTOS = YES_AGGRESSIVE;
				GCC_WARN_UNUSED_FUNCTION = YES;
				GCC_WARN_UNUSED_VARIABLE = YES;
				IPHONEOS_DEPLOYMENT_TARGET = 13.4;
				MTL_ENABLE_DEBUG_INFO = NO;
				MTL_FAST_MATH = YES;
				SDKROOT = iphoneos;
				SWIFT_COMPILATION_MODE = wholemodule;
				SWIFT_OPTIMIZATION_LEVEL = "-O";
				VALIDATE_PRODUCT = YES;
			};
			name = Release;
		};
		FFD3B17E246993A300CC5A90 /* Debug */ = {
			isa = XCBuildConfiguration;
			baseConfigurationReference = 90EB8E4FF5EBE87A5CE27936 /* Pods-CapstoneProject.debug.xcconfig */;
			buildSettings = {
				ASSETCATALOG_COMPILER_APPICON_NAME = AppIcon;
				CODE_SIGN_STYLE = Automatic;
				DEVELOPMENT_TEAM = 3L398A7UTZ;
				INFOPLIST_FILE = CapstoneProject/Info.plist;
				LD_RUNPATH_SEARCH_PATHS = (
					"$(inherited)",
					"@executable_path/Frameworks",
				);
				PRODUCT_BUNDLE_IDENTIFIER = com.softsquared.ios.CapstoneProject;
				PRODUCT_NAME = "$(TARGET_NAME)";
				SWIFT_VERSION = 5.0;
				TARGETED_DEVICE_FAMILY = "1,2";
			};
			name = Debug;
		};
		FFD3B17F246993A300CC5A90 /* Release */ = {
			isa = XCBuildConfiguration;
			baseConfigurationReference = 75DDF14A61F84312D338BF46 /* Pods-CapstoneProject.release.xcconfig */;
			buildSettings = {
				ASSETCATALOG_COMPILER_APPICON_NAME = AppIcon;
				CODE_SIGN_STYLE = Automatic;
				DEVELOPMENT_TEAM = 3L398A7UTZ;
				INFOPLIST_FILE = CapstoneProject/Info.plist;
				LD_RUNPATH_SEARCH_PATHS = (
					"$(inherited)",
					"@executable_path/Frameworks",
				);
				PRODUCT_BUNDLE_IDENTIFIER = com.softsquared.ios.CapstoneProject;
				PRODUCT_NAME = "$(TARGET_NAME)";
				SWIFT_VERSION = 5.0;
				TARGETED_DEVICE_FAMILY = "1,2";
			};
			name = Release;
		};
/* End XCBuildConfiguration section */

/* Begin XCConfigurationList section */
		FFD3B161246993A000CC5A90 /* Build configuration list for PBXProject "CapstoneProject" */ = {
			isa = XCConfigurationList;
			buildConfigurations = (
				FFD3B17B246993A300CC5A90 /* Debug */,
				FFD3B17C246993A300CC5A90 /* Release */,
			);
			defaultConfigurationIsVisible = 0;
			defaultConfigurationName = Release;
		};
		FFD3B17D246993A300CC5A90 /* Build configuration list for PBXNativeTarget "CapstoneProject" */ = {
			isa = XCConfigurationList;
			buildConfigurations = (
				FFD3B17E246993A300CC5A90 /* Debug */,
				FFD3B17F246993A300CC5A90 /* Release */,
			);
			defaultConfigurationIsVisible = 0;
			defaultConfigurationName = Release;
		};
/* End XCConfigurationList section */

/* Begin XCVersionGroup section */
		FFD3B172246993A100CC5A90 /* CapstoneProject.xcdatamodeld */ = {
			isa = XCVersionGroup;
			children = (
				FFD3B173246993A100CC5A90 /* CapstoneProject.xcdatamodel */,
			);
			currentVersion = FFD3B173246993A100CC5A90 /* CapstoneProject.xcdatamodel */;
			path = CapstoneProject.xcdatamodeld;
			sourceTree = "<group>";
			versionGroupType = wrapper.xcdatamodel;
		};
/* End XCVersionGroup section */
	};
	rootObject = FFD3B15E246993A000CC5A90 /* Project object */;
}
